
Microsoft Visual Studio Solution File, Format Version 12.00
# Visual Studio Version 16
VisualStudioVersion = 16.0.32901.82
MinimumVisualStudioVersion = 10.0.40219.1
Project("{E53339B2-1760-4266-BCC7-CA923CBCF16C}") = "docker-compose", "docker-compose.dcproj", "{79744537-03B1-466C-AF5F-4D584B3C9D29}"
EndProject
Project("{2150E333-8FDC-42A3-9474-1A3956D46DE8}") = "build", "build", "{C30FAAB4-B3D3-43AD-9E86-2F13780477A0}"
EndProject
Project("{2150E333-8FDC-42A3-9474-1A3956D46DE8}") = "src", "src", "{2B89ADA6-264D-4A20-846E-FFF9FF21A8F8}"
EndProject
Project("{2150E333-8FDC-42A3-9474-1A3956D46DE8}") = "tests", "tests", "{60082D5D-88D6-4D3E-98E0-A8DCC057B856}"
EndProject
Project("{9A19103F-16F7-4668-BE54-9A1E7A4F7556}") = "FoodBook.Api", "src\FoodBook.Api\FoodBook.Api.csproj", "{60015FF5-3170-41DD-912C-F63895A5A99B}"
EndProject
Project("{9A19103F-16F7-4668-BE54-9A1E7A4F7556}") = "RecipientBook.ServiceLibrary", "src\RecipientBook.ServiceLibrary\RecipientBook.ServiceLibrary.csproj", "{7DFBF648-6571-4356-8FF4-5913CA55CDFF}"
EndProject
Global
	GlobalSection(SolutionConfigurationPlatforms) = preSolution
		Debug|Any CPU = Debug|Any CPU
		Release|Any CPU = Release|Any CPU
	EndGlobalSection
	GlobalSection(ProjectConfigurationPlatforms) = postSolution
		{79744537-03B1-466C-AF5F-4D584B3C9D29}.Debug|Any CPU.ActiveCfg = Debug|Any CPU
		{79744537-03B1-466C-AF5F-4D584B3C9D29}.Debug|Any CPU.Build.0 = Debug|Any CPU
		{79744537-03B1-466C-AF5F-4D584B3C9D29}.Release|Any CPU.ActiveCfg = Release|Any CPU
		{79744537-03B1-466C-AF5F-4D584B3C9D29}.Release|Any CPU.Build.0 = Release|Any CPU
		{60015FF5-3170-41DD-912C-F63895A5A99B}.Debug|Any CPU.ActiveCfg = Debug|Any CPU
		{60015FF5-3170-41DD-912C-F63895A5A99B}.Debug|Any CPU.Build.0 = Debug|Any CPU
		{60015FF5-3170-41DD-912C-F63895A5A99B}.Release|Any CPU.ActiveCfg = Release|Any CPU
		{60015FF5-3170-41DD-912C-F63895A5A99B}.Release|Any CPU.Build.0 = Release|Any CPU
		{7DFBF648-6571-4356-8FF4-5913CA55CDFF}.Debug|Any CPU.ActiveCfg = Debug|Any CPU
		{7DFBF648-6571-4356-8FF4-5913CA55CDFF}.Debug|Any CPU.Build.0 = Debug|Any CPU
		{7DFBF648-6571-4356-8FF4-5913CA55CDFF}.Release|Any CPU.ActiveCfg = Release|Any CPU
		{7DFBF648-6571-4356-8FF4-5913CA55CDFF}.Release|Any CPU.Build.0 = Release|Any CPU
	EndGlobalSection
	GlobalSection(SolutionProperties) = preSolution
		HideSolutionNode = FALSE
	EndGlobalSection
	GlobalSection(NestedProjects) = preSolution
		{60015FF5-3170-41DD-912C-F63895A5A99B} = {2B89ADA6-264D-4A20-846E-FFF9FF21A8F8}
		{7DFBF648-6571-4356-8FF4-5913CA55CDFF} = {2B89ADA6-264D-4A20-846E-FFF9FF21A8F8}
	EndGlobalSection
	GlobalSection(ExtensibilityGlobals) = postSolution
		SolutionGuid = {B01825D2-F757-4561-8BE7-C1DA55ACB34F}
	EndGlobalSection
EndGlobal
